
Microsoft Visual Studio Solution File, Format Version 12.00
# Visual Studio Version 17
VisualStudioVersion = 17.13.35825.156
MinimumVisualStudioVersion = 10.0.40219.1
Project("{FAE04EC0-301F-11D3-BF4B-00C04F79EFBC}") = "Csharp_Oops_Advanced", "Csharp_Oops_Advanced\Csharp_Oops_Advanced.csproj", "{9AEA922E-FC36-4496-828F-16BD6B764E14}"
EndProject
Project("{FAE04EC0-301F-11D3-BF4B-00C04F79EFBC}") = "OOPs", "Encapsulation\OOPs.csproj", "{98364B41-A72C-4D0C-913E-FC484C6FE7D9}"
EndProject
Global
	GlobalSection(SolutionConfigurationPlatforms) = preSolution
		Debug|Any CPU = Debug|Any CPU
		Release|Any CPU = Release|Any CPU
	EndGlobalSection
	GlobalSection(ProjectConfigurationPlatforms) = postSolution
		{9AEA922E-FC36-4496-828F-16BD6B764E14}.Debug|Any CPU.ActiveCfg = Debug|Any CPU
		{9AEA922E-FC36-4496-828F-16BD6B764E14}.Debug|Any CPU.Build.0 = Debug|Any CPU
		{9AEA922E-FC36-4496-828F-16BD6B764E14}.Release|Any CPU.ActiveCfg = Release|Any CPU
		{9AEA922E-FC36-4496-828F-16BD6B764E14}.Release|Any CPU.Build.0 = Release|Any CPU
		{98364B41-A72C-4D0C-913E-FC484C6FE7D9}.Debug|Any CPU.ActiveCfg = Debug|Any CPU
		{98364B41-A72C-4D0C-913E-FC484C6FE7D9}.Debug|Any CPU.Build.0 = Debug|Any CPU
		{98364B41-A72C-4D0C-913E-FC484C6FE7D9}.Release|Any CPU.ActiveCfg = Release|Any CPU
		{98364B41-A72C-4D0C-913E-FC484C6FE7D9}.Release|Any CPU.Build.0 = Release|Any CPU
	EndGlobalSection
	GlobalSection(SolutionProperties) = preSolution
		HideSolutionNode = FALSE
	EndGlobalSection
	GlobalSection(ExtensibilityGlobals) = postSolution
		SolutionGuid = {242297EA-94BB-44E5-B633-FF624C554198}
	EndGlobalSection
EndGlobal
